
Microsoft Visual Studio Solution File, Format Version 12.00
# Visual Studio Version 16
VisualStudioVersion = 16.0.31005.135
MinimumVisualStudioVersion = 10.0.40219.1
Project("{9A19103F-16F7-4668-BE54-9A1E7A4F7556}") = "GenericTemplateImplementDemo", "GenericTemplateImplementDemo\GenericTemplateImplementDemo.csproj", "{67651AF1-9C83-4FBC-AA69-174EF86D38FD}"
EndProject
Project("{9A19103F-16F7-4668-BE54-9A1E7A4F7556}") = "GenericGridComponent_RCL", "..\GenericGridComponent_RCL\GenericGridComponent_RCL\GenericGridComponent_RCL.csproj", "{2F0A2049-C0B7-4B50-880D-00FAEC76F78F}"
EndProject
Global
	GlobalSection(SolutionConfigurationPlatforms) = preSolution
		Debug|Any CPU = Debug|Any CPU
		Release|Any CPU = Release|Any CPU
	EndGlobalSection
	GlobalSection(ProjectConfigurationPlatforms) = postSolution
		{67651AF1-9C83-4FBC-AA69-174EF86D38FD}.Debug|Any CPU.ActiveCfg = Debug|Any CPU
		{67651AF1-9C83-4FBC-AA69-174EF86D38FD}.Debug|Any CPU.Build.0 = Debug|Any CPU
		{67651AF1-9C83-4FBC-AA69-174EF86D38FD}.Release|Any CPU.ActiveCfg = Release|Any CPU
		{67651AF1-9C83-4FBC-AA69-174EF86D38FD}.Release|Any CPU.Build.0 = Release|Any CPU
		{2F0A2049-C0B7-4B50-880D-00FAEC76F78F}.Debug|Any CPU.ActiveCfg = Debug|Any CPU
		{2F0A2049-C0B7-4B50-880D-00FAEC76F78F}.Debug|Any CPU.Build.0 = Debug|Any CPU
		{2F0A2049-C0B7-4B50-880D-00FAEC76F78F}.Release|Any CPU.ActiveCfg = Release|Any CPU
		{2F0A2049-C0B7-4B50-880D-00FAEC76F78F}.Release|Any CPU.Build.0 = Release|Any CPU
	EndGlobalSection
	GlobalSection(SolutionProperties) = preSolution
		HideSolutionNode = FALSE
	EndGlobalSection
	GlobalSection(ExtensibilityGlobals) = postSolution
		SolutionGuid = {14B861AD-A351-4C18-91FF-CE61E0272F89}
	EndGlobalSection
EndGlobal
